hash: c69d048645a9b3d51b4ba4951d0764d916cede1274a8b24b91866025f2c0143c
updated: 2016-02-24T11:55:46.22220147+11:00
imports:
- name: github.com/anacrolix/jitter
  version: 92923cc3f46b286365effc2cbe72e5d736df820c
- name: github.com/anacrolix/missinggo
  version: afc336fe9028b06dd86f49a17b5cc0b2e3dbd4f7
  subpackages:
  - bitmap
  - itertools
  - perf
  - prioritybitmap
  - pubsub
  - orderedmap
  - pproffd
- name: github.com/anacrolix/sync
  version: 812602587b72df6a2a4f6e30536adc75394a374b
- name: github.com/anacrolix/torrent
  version: a04fb2ce268f9e998e256e17b4e203a1ad16b510
  subpackages:
  - bencode
  - data/file
  - dht
  - iplist
  - metainfo
  - mse
  - peer_protocol
  - tracker
  - util
  - logonce
- name: github.com/anacrolix/utp
  version: 207e361a1001eeddb7ad78b1f3f7970ae84cb3ac
- name: github.com/bradfitz/iter
  version: 454541ec3da2a73fc34fd049b19ee5777bf19345
- name: github.com/dustin/go-humanize
  version: 8929fe90cee4b2cb9deb468b51fb34eba64d1bf0
- name: github.com/edsrzf/mmap-go
  version: 903d080718bd2877583fe1bd0a19c9cd3e2906ff
- name: github.com/google/btree
  version: cc6329d4279e3f025a53a83c397d2339b5705c45
- name: github.com/kirillrdy/nadeshiko
  version: f29edbf870953c69bafc3f3de22b2327d518e48a
  subpackages:
  - html
- name: github.com/RoaringBitmap/roaring
  version: c59214e2991a481484772eb473d3789f056bcced
- name: github.com/ryszard/goskiplist
  version: 2dfbae5fcf46374f166f8969cb07e167f1be6273
  subpackages:
  - skiplist
- name: github.com/sparkymat/webdsl
  version: 4b9f26d28d1a5b1237bfa9bf916c6f82387bd843
  subpackages:
  - css
  - css/display
  - css/flex
  - css/overflow
  - css/size
  - css/appearance
  - css/background
  - css/box
  - css/clear
  - css/color
  - css/float
  - css/list
  - css/outline
  - css/position
  - css/textdecoration
  - css/textrendering
- name: github.com/tylertreat/BoomFilters
  version: ae0b9585d4b87b2fe0b49ee09270abae7aaad179
- name: github.com/willf/bitset
  version: 9e6a3a78f0d21857563022786c047cb8c0958aa1
- name: github.com/willf/bloom
  version: 73320a6e73f3e139842058d7e4886e09ca83ac9b
- name: golang.org/x/net
  version: 4599ae7937fce9b670ce32b8ad32bbb7ae726b3e
  subpackages:
  - http2
  - http2/hpack
devImports: []
