hash: 8b49018e1e16aac9b4f4c7573f6ef94a3541cc6b5340319c4d7377d5a49da2f6
updated: 2016-04-09T21:27:08.489624698+10:00
imports:
- name: github.com/anacrolix/missinggo
  version: c9877b1e02d33cd90f19024b7ec5f401e88b68e6
  subpackages:
  - bitmap
  - itertools
  - perf
  - pproffd
  - prioritybitmap
  - pubsub
  - orderedmap
- name: github.com/anacrolix/sync
  version: 812602587b72df6a2a4f6e30536adc75394a374b
- name: github.com/anacrolix/torrent
  version: 49a3c87a533b2d29ec13e655436a4790267429df
  subpackages:
  - bencode
  - dht
  - iplist
  - metainfo
  - mse
  - peer_protocol
  - storage
  - tracker
  - util
  - logonce
  - mmap_span
- name: github.com/anacrolix/utp
  version: 91202c143a16f7d6828976ae73d86af81fa42169
- name: github.com/bradfitz/iter
  version: 454541ec3da2a73fc34fd049b19ee5777bf19345
- name: github.com/dustin/go-humanize
  version: 8929fe90cee4b2cb9deb468b51fb34eba64d1bf0
- name: github.com/edsrzf/mmap-go
  version: 903d080718bd2877583fe1bd0a19c9cd3e2906ff
- name: github.com/google/btree
  version: f06e229e679911bb31a04e07ac891115822e37c3
- name: github.com/kirillrdy/nadeshiko
  version: 692cf71612dd567f00c096c383713f42696e54ed
  subpackages:
  - html
- name: github.com/RoaringBitmap/roaring
  version: 97f4564f471336d3936199da9ad7c52800a3b33a
- name: github.com/ryszard/goskiplist
  version: 2dfbae5fcf46374f166f8969cb07e167f1be6273
  subpackages:
  - skiplist
- name: github.com/sparkymat/webdsl
  version: 9e8408b4c2ae8ecefa689f4bbcf05b90d9a490c4
  subpackages:
  - css
  - css/color
  - css/display
  - css/flex
  - css/overflow
  - css/size
  - css/textdecoration
  - css/appearance
  - css/background
  - css/box
  - css/clear
  - css/float
  - css/list
  - css/outline
  - css/position
  - css/textrendering
- name: github.com/tylertreat/BoomFilters
  version: ae0b9585d4b87b2fe0b49ee09270abae7aaad179
- name: github.com/willf/bitset
  version: 2e6e8094ef4745224150c88c16191c7dceaad16f
- name: github.com/willf/bloom
  version: aa3071d9203598166c09553d43e74b588c3d91be
devImports: []
