bazil.org/fuse v0.0.0-20180421153158-65cc252bf669/go.mod h1:Xbm+BRKSBEpa4q4hTSxohYNQpsxXPbPry4JJWOB3LB8=
github.com/RoaringBitmap/roaring v0.0.0-20170403145202-c686fd168949 h1:yD8skKjhqfk3DRq75bj5PYSMoF+m2OQqpEW9WsoZZeo=
github.com/RoaringBitmap/roaring v0.0.0-20170403145202-c686fd168949/go.mod h1:8khRDP4HmeXns4xIj9oGrKSz7XTQiJx2zgh7AcNke4w=
github.com/RoaringBitmap/roaring v0.4.7 h1:eGUudvFzvF7Kxh7JjYvXfI1f7l22/2duFby7r5+d4oc=
github.com/RoaringBitmap/roaring v0.4.7/go.mod h1:8khRDP4HmeXns4xIj9oGrKSz7XTQiJx2zgh7AcNke4w=
github.com/anacrolix/dht v0.0.0-20170404081420-960f9dd591cc h1:pK/vteLQxtcbNpG+A9zlUu+PHQqHIyHdqlEEm5p8EHw=
github.com/anacrolix/dht v0.0.0-20170404081420-960f9dd591cc/go.mod h1:hQfX2BrtuQsLQMYQwsypFAab/GvHg8qxwVi4OJdR1WI=
github.com/anacrolix/dht v0.0.0-20180412060941-24cbf25b72a4 h1:0yHJvFiGQhJ1gSHJOR8xzmnx45orEt7uiIB6guf0+zc=
github.com/anacrolix/dht v0.0.0-20180412060941-24cbf25b72a4/go.mod h1:hQfX2BrtuQsLQMYQwsypFAab/GvHg8qxwVi4OJdR1WI=
github.com/anacrolix/dht v0.0.0-20180711032309-5f03eb126491 h1:fidclEt4r+lofAH2oF8XroG1yVyYACI1Y1+qBRZk6Pk=
github.com/anacrolix/dht v0.0.0-20180711032309-5f03eb126491/go.mod h1:YRPeV1xZAHvoyY1BQvLvW2GLiDvxiuUi+Y9DlPfFTto=
github.com/anacrolix/envpprof v0.0.0-20180404065416-323002cec2fa/go.mod h1:KgHhUaQMc8cC0+cEflSgCFNFbKwi5h54gqtVn8yhP7c=
github.com/anacrolix/go-libutp v0.0.0-20180522111405-6baeb806518d h1:YE59J8A1cKnBYt4HkoLxdzR+0Nx+TB9hXX+HElHsT7Q=
github.com/anacrolix/go-libutp v0.0.0-20180522111405-6baeb806518d/go.mod h1:beQSaSxwH2d9Eeu5ijrEnHei5Qhk+J6cDm1QkWFru4E=
github.com/anacrolix/log v0.0.0-20180412014343-2323884b361d h1:G8ITVMWuQL4adKRC3A6aBOo0YFJYcmpS3JFQd+rZrn0=
github.com/anacrolix/log v0.0.0-20180412014343-2323884b361d/go.mod h1:sf/7c2aTldL6sRQj/4UKyjgVZBu2+M2z9wf7MmwPiew=
github.com/anacrolix/missinggo v0.0.0-20170327053947-00e7d699a906 h1:awuvBORavXdXYPxBbMLcEQ/NiRZDE4zfp7BUnK9kuHs=
github.com/anacrolix/missinggo v0.0.0-20170327053947-00e7d699a906/go.mod h1:b0p+7cn+rWMIphK1gDH2hrDuwGOcbB6V4VXeSsEfHVk=
github.com/anacrolix/missinggo v0.0.0-20180522035225-b4a5853e62ff h1:c2Hrwd+LaVrsLJQ5nV8dAP4z6iM0G6aewsbrj3x515s=
github.com/anacrolix/missinggo v0.0.0-20180522035225-b4a5853e62ff/go.mod h1:b0p+7cn+rWMIphK1gDH2hrDuwGOcbB6V4VXeSsEfHVk=
github.com/anacrolix/missinggo v0.0.0-20180621131740-7fc7cfea16ea/go.mod h1:kwGiTUTZ0+p4vAz3VbAI5a30t2YbvemcmspjKwrAz5s=
github.com/anacrolix/missinggo v0.0.0-20180725070939-60ef2fbf63df h1:+se8qhX5ivmSCkP+gZXyFx2ETjk1pmnrYJ0Iyc+hZKY=
github.com/anacrolix/missinggo v0.0.0-20180725070939-60ef2fbf63df/go.mod h1:kwGiTUTZ0+p4vAz3VbAI5a30t2YbvemcmspjKwrAz5s=
github.com/anacrolix/mmsg v0.0.0-20180515031531-a4a3ba1fc8bb h1:2Or5ccMoY4Kfao+WdL2w6tpY6ZEe+2VTVbIPd7A/Ajk=
github.com/anacrolix/mmsg v0.0.0-20180515031531-a4a3ba1fc8bb/go.mod h1:x2/ErsYUmT77kezS63+wzZp8E3byYB0gzirM/WMBLfw=
github.com/anacrolix/sync v0.0.0-20161214004505-d29d95568d36 h1:K7onsGIm8McPwYOnUOGOgYijQGWWzlo3WhPRfNwQ/NI=
github.com/anacrolix/sync v0.0.0-20161214004505-d29d95568d36/go.mod h1:+u91KiUuf0lyILI6x3n/XrW7iFROCZCG+TjgK8nW52w=
github.com/anacrolix/sync v0.0.0-20171108081538-eee974e4f8c1 h1:tirHjqt1nxRgyBYLWNfLSlVtf90Sq2czxbfpd29X90M=
github.com/anacrolix/sync v0.0.0-20171108081538-eee974e4f8c1/go.mod h1:+u91KiUuf0lyILI6x3n/XrW7iFROCZCG+TjgK8nW52w=
github.com/anacrolix/sync v0.0.0-20180611022320-3c4cb11f5a01/go.mod h1:+u91KiUuf0lyILI6x3n/XrW7iFROCZCG+TjgK8nW52w=
github.com/anacrolix/sync v0.0.0-20180725074606-fda11526ff08 h1:w0QQ3EPXGMOFLBRvBk7vCeNkfreNQ5xhTzUIDIEdNm0=
github.com/anacrolix/sync v0.0.0-20180725074606-fda11526ff08/go.mod h1:+u91KiUuf0lyILI6x3n/XrW7iFROCZCG+TjgK8nW52w=
github.com/anacrolix/sync v0.0.0-20180808010631-44578de4e778 h1:XpCDEixzXOB8yaTW/4YBzKrJdMcFI0DzpPTYNv75wzk=
github.com/anacrolix/sync v0.0.0-20180808010631-44578de4e778/go.mod h1:s735Etp3joe/voe2sdaXLcqDdJSay1O0OPnM0ystjqk=
github.com/anacrolix/tagflag v0.0.0-20180109131632-2146c8d41bf0/go.mod h1:1m2U/K6ZT+JZG0+bdMK6qauP49QT4wE5pmhJXOKKCHw=
github.com/anacrolix/tagflag v0.0.0-20180605133421-f477c8c2f14c/go.mod h1:1m2U/K6ZT+JZG0+bdMK6qauP49QT4wE5pmhJXOKKCHw=
github.com/anacrolix/tagflag v0.0.0-20180803105420-3a8ff5428f76/go.mod h1:1m2U/K6ZT+JZG0+bdMK6qauP49QT4wE5pmhJXOKKCHw=
github.com/anacrolix/torrent v0.0.0-20170404084108-40b96d0e4e5d h1:18xhNVwztww2WlLc16UTTk1+OOUIQYTfDGa0zlVLpHM=
github.com/anacrolix/torrent v0.0.0-20170404084108-40b96d0e4e5d/go.mod h1:w+zWzagAI9Qm0NmBHLL1p2WK0TuqZt0J/j6EdOUkLEs=
github.com/anacrolix/torrent v0.0.0-20180622074351-fefeef4ee9eb h1:XTz2SGqfyyk/fvDYPZe3VaZqAH4heDTMz5WQmBm6F5w=
github.com/anacrolix/torrent v0.0.0-20180622074351-fefeef4ee9eb/go.mod h1:3vcFVxgOASslNXHdivT8spyMRBanMCenHRpe0u5vpBs=
github.com/anacrolix/torrent v0.0.0-20180813102802-4431464fd62c h1:QfH+J0UvZTt6Szx4AYS8Pfk3HWD7KWNcmNLtkXPSCZU=
github.com/anacrolix/torrent v0.0.0-20180813102802-4431464fd62c/go.mod h1:F1piecUEeH/yZKCYsflSTxW5uiAacywaltgmO1atY6w=
github.com/anacrolix/utp v0.0.0-20170412102346-1a2093d4dfa2 h1:jxBcpxAegn8QPGS/GViZ3/WcziRVmDKa5PKoiScH89s=
github.com/anacrolix/utp v0.0.0-20170412102346-1a2093d4dfa2/go.mod h1:MDwc+vsGEq7RMw6lr2GKOEqjWny5hO5OZXRVNaBJ2Dk=
github.com/anacrolix/utp v0.0.0-20180219060659-9e0e1d1d0572 h1:kpt6TQTVi6gognY+svubHfxxpq0DLU9AfTQyZVc3UOc=
github.com/anacrolix/utp v0.0.0-20180219060659-9e0e1d1d0572/go.mod h1:MDwc+vsGEq7RMw6lr2GKOEqjWny5hO5OZXRVNaBJ2Dk=
github.com/boltdb/bolt v0.0.0-20170131192018-e9cf4fae01b5 h1:CEa4aInusZzqB0d5gjtQFqUQjWBa30RQR8mXuu2RnXw=
github.com/boltdb/bolt v0.0.0-20170131192018-e9cf4fae01b5/go.mod h1:clJnj/oiGkjum5o1McbSZDSLxVThjynRyGBgiAx27Ps=
github.com/boltdb/bolt v1.3.1 h1:JQmyP4ZBrce+ZQu0dY660FMfatumYDLun9hBCUVIkF4=
github.com/boltdb/bolt v1.3.1/go.mod h1:clJnj/oiGkjum5o1McbSZDSLxVThjynRyGBgiAx27Ps=
github.com/bradfitz/iter v0.0.0-20140124041915-454541ec3da2 h1:1B/+1BcRhOMG1KH/YhNIU8OppSWk5d/NGyfRla88CuY=
github.com/bradfitz/iter v0.0.0-20140124041915-454541ec3da2/go.mod h1:PyRFw1Lt2wKX4ZVSQ2mk+PeDa1rxyObEDlApuIsUKuo=
github.com/davecgh/go-spew v1.1.0 h1:ZDRjVQ15GmhC3fiQ8ni8+OwkZQO4DARzQgrnXU1Liz8=
github.com/davecgh/go-spew v1.1.0/go.mod h1:J7Y8YcW2NihsgmVo/mv3lAwl/skON4iLHjSsI+c5H38=
github.com/docopt/docopt-go v0.0.0-20180111231733-ee0de3bc6815/go.mod h1:WwZ+bS3ebgob9U8Nd0kOddGdZWjyMGR8Wziv+TBNwSE=
github.com/dustin/go-humanize v0.0.0-20170228161531-259d2a102b87 h1:uPzP/9GIqYKvZAmz4IayKMMZiWRWNtGynUREBtTXPXA=
github.com/dustin/go-humanize v0.0.0-20170228161531-259d2a102b87/go.mod h1:HtrtbFcZ19U5GC7JDqmcUSB87Iq5E25KnS6fMYU6eOk=
github.com/dustin/go-humanize v0.0.0-20180421182945-02af3965c54e h1:Fw7ZmgiklsLh5EQWyHh1sumKSCG1+yjEctIpGKib87s=
github.com/dustin/go-humanize v0.0.0-20180421182945-02af3965c54e/go.mod h1:HtrtbFcZ19U5GC7JDqmcUSB87Iq5E25KnS6fMYU6eOk=
github.com/edsrzf/mmap-go v0.0.0-20170320065105-0bce6a688712 h1:aaQcKT9WumO6JEJcRyTqFVq4XUZiUcKR2/GI31TOcz8=
github.com/edsrzf/mmap-go v0.0.0-20170320065105-0bce6a688712/go.mod h1:YO35OhQPt3KJa3ryjFM5Bs14WD66h8eGKpfaBNrHW5M=
github.com/elgatito/upnp v0.0.0-20180711183757-2f244d205f9a h1:2Zw3pxDRTs4nX1WCLAEm27UN0hvjZSge7EaUUQexRZw=
github.com/elgatito/upnp v0.0.0-20180711183757-2f244d205f9a/go.mod h1:afkYpY8JAIL4341N7Zj9xJ5yTovsg6BkWfBFlCzIoF4=
github.com/fsnotify/fsnotify v1.4.7/go.mod h1:jwhsz4b93w/PPRr/qN1Yymfu8t87LnFCMoQvtojpjFo=
github.com/glycerine/go-unsnap-stream v0.0.0-20161213071857-87275cecd8e9 h1:BRaTsWANIl0kqAbS7cCUmi7xWYd/bFnVnioP2Ony0ms=
github.com/glycerine/go-unsnap-stream v0.0.0-20161213071857-87275cecd8e9/go.mod h1:/20jfyN9Y5QPEAprSgKAUr+glWDY39ZiUEAYOEv5dsE=
github.com/glycerine/go-unsnap-stream v0.0.0-20180323001048-9f0cb55181dd h1:r04MMPyLHj/QwZuMJ5+7tJcBr1AQjpiAK/rZWRrQT7o=
github.com/glycerine/go-unsnap-stream v0.0.0-20180323001048-9f0cb55181dd/go.mod h1:/20jfyN9Y5QPEAprSgKAUr+glWDY39ZiUEAYOEv5dsE=
github.com/golang/snappy v0.0.0-20170215233205-553a64147049 h1:K9KHZbXKpGydfDN0aZrsoHpLJlZsBrGMFWbgLDGnPZk=
github.com/golang/snappy v0.0.0-20170215233205-553a64147049/go.mod h1:/XxbfmMg8lxefKM7IXC3fBNl/7bRcc72aCRzEWrmP2Q=
github.com/golang/snappy v0.0.0-20180518054509-2e65f85255db h1:woRePGFeVFfLKN/pOkfl+p/TAqKOfFu+7KPlMVpok/w=
github.com/golang/snappy v0.0.0-20180518054509-2e65f85255db/go.mod h1:/XxbfmMg8lxefKM7IXC3fBNl/7bRcc72aCRzEWrmP2Q=
github.com/google/btree v0.0.0-20161217183710-316fb6d3f031 h1:yAx4v8FikdsGCBPzIaT2F+0WH0J+wcL7cQD9n3UbyOk=
github.com/google/btree v0.0.0-20161217183710-316fb6d3f031/go.mod h1:lNA+9X1NB3Zf8V7Ke586lFgjr2dZNuvo3lPJSGZ5JPQ=
github.com/google/btree v0.0.0-20180124185431-e89373fe6b4a h1:ZJu5NB1Bk5ms4vw0Xu4i+jD32SE9jQXyfnOvwhHqlT0=
github.com/google/btree v0.0.0-20180124185431-e89373fe6b4a/go.mod h1:lNA+9X1NB3Zf8V7Ke586lFgjr2dZNuvo3lPJSGZ5JPQ=
github.com/gosuri/uilive v0.0.0-20170323041506-ac356e6e42cd/go.mod h1:qkLSc0A5EXSP6B04TrN4oQoxqFI7A8XvoXSlJi8cwk8=
github.com/gosuri/uiprogress v0.0.0-20170224063937-d0567a9d84a1/go.mod h1:C1RTYn4Sc7iEyf6j8ft5dyoZ4212h8G1ol9QQluh5+0=
github.com/huandu/xstrings v1.0.0 h1:pO2K/gKgKaat5LdpAhxhluX2GPQMaI3W5FUz/I/UnWk=
github.com/huandu/xstrings v1.0.0/go.mod h1:4qWG/gcEcfX4z/mBDHJ++3ReCw9ibxbsNJbcucJdbSo=
github.com/jessevdk/go-flags v1.4.0/go.mod h1:4FA24M0QyGHXBuZZK/XkWh8h0e1EYbRYJSGM75WSRxI=
github.com/kirillrdy/nadeshiko v0.0.0-20160327010312-692cf71612dd/go.mod h1:8CaU24acjCsVhlVuDHOxLe3jbkzjl+vpRYsU0On37tM=
github.com/kirillrdy/vidos v0.0.0-20171112083549-ae7a882376fb h1:hHaoJGx0dIH9367VNq/kB3vtbTGHmWKw3wOUtl4YGxY=
github.com/kirillrdy/vidos v0.0.0-20171112083549-ae7a882376fb/go.mod h1:U6AvquZUM7nyHLgLofUtN27435DupERFv61R3QDwEd4=
github.com/kirillrdy/web v0.0.0-20170502231629-1dc2c13cfa99 h1:KWHoU3aL75kf8w057+tw3Mzir1wI/4gnLt5P2plHGxs=
github.com/kirillrdy/web v0.0.0-20170502231629-1dc2c13cfa99/go.mod h1:qS/c7oVi7Z8FAjYuo24p/dyFL13Db3MYJbr04U3uC3k=
github.com/mattn/go-sqlite3 v0.0.0-20170407154627-cf7286f069c3 h1:a/pBXmDboAJ2dwrZIDgQAEpeFKCYbrCh6Gz9OtJ9iHo=
github.com/mattn/go-sqlite3 v0.0.0-20170407154627-cf7286f069c3/go.mod h1:FPy6KqzDD04eiIsT53CuJW3U88zkxoIYsOqkbpncsNc=
github.com/mattn/go-sqlite3 v1.7.0 h1:CiYZ8slwBLIMkDbDJCF+Zd2M8bZ1Gz02TMsm1V33Lk0=
github.com/mattn/go-sqlite3 v1.7.0/go.mod h1:FPy6KqzDD04eiIsT53CuJW3U88zkxoIYsOqkbpncsNc=
github.com/mattn/go-sqlite3 v1.9.0 h1:pDRiWfl+++eC2FEFRy6jXmQlvp4Yh3z1MJKg4UeYM/4=
github.com/mattn/go-sqlite3 v1.9.0/go.mod h1:FPy6KqzDD04eiIsT53CuJW3U88zkxoIYsOqkbpncsNc=
github.com/mschoch/smat v0.0.0-20160514031455-90eadee771ae/go.mod h1:qAyveg+e4CE+eKJXWVjKXM4ck2QobLqTDytGJbLLhJg=
github.com/op/go-logging v0.0.0-20160315200505-970db520ece7 h1:lDH9UUVJtmYCjyT0CI4q8xvlXPxeZ0gYCVvWbmPlp88=
github.com/op/go-logging v0.0.0-20160315200505-970db520ece7/go.mod h1:HzydrMdWErDVzsI23lYNej1Htcns9BCg93Dk0bBINWk=
github.com/philhofer/fwd v0.0.0-20160129035939-98c11a7a6ec8 h1:jkUFVqrKRttbdDqkTrvOmHxfqIsJK0Oe2WGi1ACAE+M=
github.com/philhofer/fwd v0.0.0-20160129035939-98c11a7a6ec8/go.mod h1:gk3iGcWd9+svBvR0sR+KPcfE+RNWozjowpeBVG3ZVNU=
github.com/philhofer/fwd v1.0.0 h1:UbZqGr5Y38ApvM/V/jEljVxwocdweyH+vmYvRPBnbqQ=
github.com/philhofer/fwd v1.0.0/go.mod h1:gk3iGcWd9+svBvR0sR+KPcfE+RNWozjowpeBVG3ZVNU=
github.com/pmezard/go-difflib v1.0.0/go.mod h1:iKH77koFhYxTK1pcRnkKkqfTogsbg7gZNVY4sRDYZ/4=
github.com/ryszard/goskiplist v0.0.0-20150312221310-2dfbae5fcf46 h1:GHRpF1pTW19a8tTFrMLUcfWwyC0pnifVo2ClaLq+hP8=
github.com/ryszard/goskiplist v0.0.0-20150312221310-2dfbae5fcf46/go.mod h1:uAQ5PCi+MFsC7HjREoAz1BU+Mq60+05gifQSsHSDG/8=
github.com/spaolacci/murmur3 v0.0.0-20150829172844-0d12bf811670 h1:hKP4ACPoBBCnBbhoiuJXiYlSDhAvC9s4lgzAPmtVdU0=
github.com/spaolacci/murmur3 v0.0.0-20150829172844-0d12bf811670/go.mod h1:JwIasOWyU6f++ZhiEuf87xNszmSA2myDM2Kzu9HwQUA=
github.com/spaolacci/murmur3 v0.0.0-20180118202830-f09979ecbc72 h1:qLC7fQah7D6K1B0ujays3HV9gkFtllcxhzImRR7ArPQ=
github.com/spaolacci/murmur3 v0.0.0-20180118202830-f09979ecbc72/go.mod h1:JwIasOWyU6f++ZhiEuf87xNszmSA2myDM2Kzu9HwQUA=
github.com/sparkymat/webdsl v0.0.0-20170411120253-7f65a38c62ed h1:oCcqYEQTc7O0MhXOifz4eguEWXOejPT1RrkDzfdMGqo=
github.com/sparkymat/webdsl v0.0.0-20170411120253-7f65a38c62ed/go.mod h1:Cf2mt7x2RDG4jlZ1bLlXT9HDftiTa3Zzlhb5LMPyGOY=
github.com/sparkymat/webdsl v0.0.0-20170731094902-c07b606d85cc h1:bCAaD4QvuDZSDByEizTEF9HxL5I839reoeXMzyeKrqM=
github.com/sparkymat/webdsl v0.0.0-20170731094902-c07b606d85cc/go.mod h1:Cf2mt7x2RDG4jlZ1bLlXT9HDftiTa3Zzlhb5LMPyGOY=
github.com/stretchr/testify v1.2.1/go.mod h1:a8OnRcib4nhh0OaRAV+Yts87kKdq0PP7pXfy6kDkUVs=
github.com/syncthing/syncthing v0.14.48-rc.4/go.mod h1:nw3siZwHPA6M8iSfjDCWQ402eqvEIasMQOE8nFOxy7M=
github.com/tinylib/msgp v0.0.0-20170101023110-362bfb3384d5 h1:HePnY1vRCNWXFK+PNnf48Goc8treYLKeEBN7j0yCIZs=
github.com/tinylib/msgp v0.0.0-20170101023110-362bfb3384d5/go.mod h1:+d+yLhGm8mzTaHzB+wgMYrodPfmZrzkirds8fDWklFE=
github.com/tinylib/msgp v1.0.2 h1:DfdQrzQa7Yh2es9SuLkixqxuXS2SxsdYn0KbdrOGWD8=
github.com/tinylib/msgp v1.0.2/go.mod h1:+d+yLhGm8mzTaHzB+wgMYrodPfmZrzkirds8fDWklFE=
github.com/tylertreat/BoomFilters v0.0.0-20170330134324-b282640b93f3 h1:VTknVkvWKF93TwMvjihDyAS7y0iluY/J+2IK/gxfQSA=
github.com/tylertreat/BoomFilters v0.0.0-20170330134324-b282640b93f3/go.mod h1:OYRfF6eb5wY9VRFkXJH8FFBi3plw2v+giaIu7P054pM=
github.com/willf/bitset v0.0.0-20161202170036-5c3c0fce4884 h1:HSiur0ChstPQqeujcLp9jnDv7gDePnAUpxDTt9aIFtQ=
github.com/willf/bitset v0.0.0-20161202170036-5c3c0fce4884/go.mod h1:RjeCKbqT1RxIR/KWY6phxZiaY1IyutSBfGjNPySAYV4=
github.com/willf/bitset v1.1.3 h1:ekJIKh6+YbUIVt9DfNbkR5d6aFcFTLDRyJNAACURBg8=
github.com/willf/bitset v1.1.3/go.mod h1:RjeCKbqT1RxIR/KWY6phxZiaY1IyutSBfGjNPySAYV4=
github.com/willf/bloom v0.0.0-20170401144101-c94658585882 h1:n/xqxmGS8RkTK3Sz3n+/CBNmGAcDpiRLHO9SXMw9f7s=
github.com/willf/bloom v0.0.0-20170401144101-c94658585882/go.mod h1:MmAltL9pDMNTrvUkxdg0k0q5I0suxmuwp3KbyrZLOZ8=
github.com/willf/bloom v0.0.0-20170505221640-54e3b963ee16 h1:hDGatoumfYOxzIZGsSylJuxTzu9k86BJl8OQhm72anI=
github.com/willf/bloom v0.0.0-20170505221640-54e3b963ee16/go.mod h1:MmAltL9pDMNTrvUkxdg0k0q5I0suxmuwp3KbyrZLOZ8=
golang.org/x/net v0.0.0-20170413175226-5602c733f70a h1:U+RBxJXt1cn83eNU5KfO0ABG27IrDKWhrbr9MBCri/s=
golang.org/x/net v0.0.0-20170413175226-5602c733f70a/go.mod h1:mL1N/T3taQHkDXs73rZJwtUhF3w3ftmwwsq0BUmARs4=
golang.org/x/net v0.0.0-20180724234803-3673e40ba225 h1:kNX+jCowfMYzvlSvJu5pQWEmyWFrBXJ3PBy10xKMXK8=
golang.org/x/net v0.0.0-20180724234803-3673e40ba225/go.mod h1:mL1N/T3taQHkDXs73rZJwtUhF3w3ftmwwsq0BUmARs4=
golang.org/x/sys v0.0.0-20170407050850-f3918c30c5c2/go.mod h1:STP8DvDyc/dI5b8T5hshtkjS+E42TnysNCUPdjciGhY=
golang.org/x/time v0.0.0-20161028155119-f51c12702a4d h1:TnM+PKb3ylGmZvyPXmo9m/wktg7Jn/a/fNmr33HSj8g=
golang.org/x/time v0.0.0-20161028155119-f51c12702a4d/go.mod h1:tRJNPiyCQ0inRvYxbN9jk5I+vvW/OXSQhTDSoE431IQ=
golang.org/x/time v0.0.0-20180412165947-fbb02b2291d2 h1:+DCIGbF/swA92ohVg0//6X2IVY3KZs6p9mix0ziNYJM=
golang.org/x/time v0.0.0-20180412165947-fbb02b2291d2/go.mod h1:tRJNPiyCQ0inRvYxbN9jk5I+vvW/OXSQhTDSoE431IQ=
